<?xml version="1.0" encoding="utf-8"?>
<Project ToolsVersion="4.0" xmlns="http://schemas.microsoft.com/developer/msbuild/2003">
  <ItemGroup>
    <Filter Include="Onyx">
      <UniqueIdentifier>{37bbba2a-7563-42af-8cae-e64e459bf059}</UniqueIdentifier>
    </Filter>
    <Filter Include="Onyx\Render">
      <UniqueIdentifier>{6c2a013f-8ffe-4069-b35e-28cb84c4e184}</UniqueIdentifier>
    </Filter>
    <Filter Include="Onyx\Display">
      <UniqueIdentifier>{30259268-fa12-4471-856a-98447a74303a}</UniqueIdentifier>
    </Filter>
    <Filter Include="Onyx\Transform">
      <UniqueIdentifier>{6cefdc4b-1afe-4027-9b30-82e9e5124e45}</UniqueIdentifier>
    </Filter>
  </ItemGroup>
  <ItemGroup>
    <ClInclude Include="Onyx\Render\Context.h">
      <Filter>Onyx\Render</Filter>
    </ClInclude>
    <ClInclude Include="Onyx\Version.h">
      <Filter>Onyx</Filter>
    </ClInclude>
    <ClInclude Include="Onyx\Onyx.h">
      <Filter>Onyx</Filter>
    </ClInclude>
    <ClInclude Include="Onyx\Platform.h">
      <Filter>Onyx</Filter>
    </ClInclude>
    <ClInclude Include="Onyx\Display\Window.h">
      <Filter>Onyx\Display</Filter>
    </ClInclude>
    <ClInclude Include="Onyx\Display\DisplayManager.h">
      <Filter>Onyx\Display</Filter>
    </ClInclude>
    <ClInclude Include="Onyx\Manager.h">
      <Filter>Onyx</Filter>
    </ClInclude>
    <ClInclude Include="Onyx\Render\ContextManager.h">
      <Filter>Onyx\Render</Filter>
    </ClInclude>
    <ClInclude Include="Onyx\Display\Window__Windows.h">
      <Filter>Onyx\Display</Filter>
    </ClInclude>
    <ClInclude Include="Onyx\Vulkan.h">
      <Filter>Onyx</Filter>
    </ClInclude>
    <ClInclude Include="Onyx\Render\Swapchain.h">
      <Filter>Onyx\Render</Filter>
    </ClInclude>
    <ClInclude Include="Onyx\Render\Surface.h">
      <Filter>Onyx\Render</Filter>
    </ClInclude>
    <ClInclude Include="Onyx\Render\Device.h">
      <Filter>Onyx\Render</Filter>
    </ClInclude>
    <ClInclude Include="Onyx\Render\TEST__TriangleRenderPass.h">
      <Filter>Onyx\Render</Filter>
    </ClInclude>
    <ClInclude Include="Onyx\Render\Synchronizer.h">
      <Filter>Onyx\Render</Filter>
    </ClInclude>
    <ClInclude Include="Onyx\Render\ShaderManager.h">
      <Filter>Onyx\Render</Filter>
    </ClInclude>
    <ClInclude Include="Onyx\Render\RenderingManager.h">
      <Filter>Onyx\Render</Filter>
    </ClInclude>
    <ClInclude Include="Onyx\Render\Shader.h">
      <Filter>Onyx\Render</Filter>
    </ClInclude>
    <ClInclude Include="Onyx\Render\Buffer.h">
      <Filter>Onyx\Render</Filter>
    </ClInclude>
    <ClInclude Include="Onyx\Render\Mesh.h">
      <Filter>Onyx\Render</Filter>
    </ClInclude>
    <ClInclude Include="Onyx\Render\Renderer.h">
      <Filter>Onyx\Render</Filter>
    </ClInclude>
    <ClInclude Include="Onyx\Render\Material.h">
      <Filter>Onyx\Render</Filter>
    </ClInclude>
    <ClInclude Include="Onyx\Render\SubContextManager.h">
      <Filter>Onyx\Render</Filter>
    </ClInclude>
    <ClInclude Include="Onyx\Render\MeshManager.h">
      <Filter>Onyx\Render</Filter>
    </ClInclude>
    <ClInclude Include="Onyx\Render\MaterialManager.h">
      <Filter>Onyx\Render</Filter>
    </ClInclude>
    <ClInclude Include="Onyx\Render\UniformManager.h">
      <Filter>Onyx\Render</Filter>
    </ClInclude>
    <ClInclude Include="Onyx\Transform\Vec2.h">
      <Filter>Onyx\Transform</Filter>
    </ClInclude>
    <ClInclude Include="Onyx\Transform\Vec2.hpp">
      <Filter>Onyx\Transform</Filter>
    </ClInclude>
    <ClInclude Include="Onyx\Transform\Vec3.h">
      <Filter>Onyx\Transform</Filter>
    </ClInclude>
    <ClInclude Include="Onyx\Transform\Vec3.hpp">
      <Filter>Onyx\Transform</Filter>
    </ClInclude>
    <ClInclude Include="Onyx\Transform\Vec4.h">
      <Filter>Onyx\Transform</Filter>
    </ClInclude>
    <ClInclude Include="Onyx\Transform\Vec4.hpp">
      <Filter>Onyx\Transform</Filter>
    </ClInclude>
    <ClInclude Include="Onyx\Transform\Mat22.h">
      <Filter>Onyx\Transform</Filter>
    </ClInclude>
    <ClInclude Include="Onyx\Transform\Mat22.hpp">
      <Filter>Onyx\Transform</Filter>
    </ClInclude>
    <ClInclude Include="Onyx\Transform\Mat23.h">
      <Filter>Onyx\Transform</Filter>
    </ClInclude>
    <ClInclude Include="Onyx\Transform\Vecs.h">
      <Filter>Onyx\Transform</Filter>
    </ClInclude>
    <ClInclude Include="Onyx\Transform\Mats.h">
      <Filter>Onyx\Transform</Filter>
    </ClInclude>
    <ClInclude Include="Onyx\Transform\Mat23.hpp">
      <Filter>Onyx\Transform</Filter>
    </ClInclude>
    <ClInclude Include="Onyx\Transform\MatMul.h">
      <Filter>Onyx\Transform</Filter>
    </ClInclude>
    <ClInclude Include="Onyx\Transform\Mat24.h">
      <Filter>Onyx\Transform</Filter>
    </ClInclude>
    <ClInclude Include="Onyx\Transform\Mat24.hpp">
      <Filter>Onyx\Transform</Filter>
    </ClInclude>
    <ClInclude Include="Onyx\Transform\Mat32.h">
      <Filter>Onyx\Transform</Filter>
    </ClInclude>
    <ClInclude Include="Onyx\Transform\Mat32.hpp">
      <Filter>Onyx\Transform</Filter>
    </ClInclude>
    <ClInclude Include="Onyx\Transform\Mat33.h">
      <Filter>Onyx\Transform</Filter>
    </ClInclude>
    <ClInclude Include="Onyx\Transform\Mat33.hpp">
      <Filter>Onyx\Transform</Filter>
    </ClInclude>
    <ClInclude Include="Onyx\Transform\Mat34.h">
      <Filter>Onyx\Transform</Filter>
    </ClInclude>
    <ClInclude Include="Onyx\Transform\Mat34.hpp">
      <Filter>Onyx\Transform</Filter>
    </ClInclude>
    <ClInclude Include="Onyx\Transform\Mat42.h">
      <Filter>Onyx\Transform</Filter>
    </ClInclude>
    <ClInclude Include="Onyx\Transform\Mat42.hpp">
      <Filter>Onyx\Transform</Filter>
    </ClInclude>
    <ClInclude Include="Onyx\Transform\Mat43.h">
      <Filter>Onyx\Transform</Filter>
    </ClInclude>
    <ClInclude Include="Onyx\Transform\Mat43.hpp">
      <Filter>Onyx\Transform</Filter>
    </ClInclude>
    <ClInclude Include="Onyx\Transform\Mat44.h">
      <Filter>Onyx\Transform</Filter>
    </ClInclude>
    <ClInclude Include="Onyx\Transform\Mat44.hpp">
      <Filter>Onyx\Transform</Filter>
    </ClInclude>
  </ItemGroup>
  <ItemGroup>
    <ClCompile Include="Onyx\Render\Context.cpp">
      <Filter>Onyx\Render</Filter>
    </ClCompile>
    <ClCompile Include="Onyx\Version.cpp">
      <Filter>Onyx</Filter>
    </ClCompile>
    <ClCompile Include="Onyx\Onyx.cpp">
      <Filter>Onyx</Filter>
    </ClCompile>
    <ClCompile Include="Onyx\Run.cpp" />
    <ClCompile Include="Onyx\Display\Window.cpp">
      <Filter>Onyx\Display</Filter>
    </ClCompile>
    <ClCompile Include="Onyx\Display\DisplayManager.cpp">
      <Filter>Onyx\Display</Filter>
    </ClCompile>
    <ClCompile Include="Onyx\Manager.cpp">
      <Filter>Onyx</Filter>
    </ClCompile>
    <ClCompile Include="Onyx\Render\ContextManager.cpp">
      <Filter>Onyx\Render</Filter>
    </ClCompile>
    <ClCompile Include="Onyx\Display\Window__Windows.cpp">
      <Filter>Onyx\Display</Filter>
    </ClCompile>
    <ClCompile Include="Onyx\Render\Swapchain.cpp">
      <Filter>Onyx\Render</Filter>
    </ClCompile>
    <ClCompile Include="Onyx\Render\Surface.cpp">
      <Filter>Onyx\Render</Filter>
    </ClCompile>
    <ClCompile Include="Onyx\Render\Device.cpp">
      <Filter>Onyx\Render</Filter>
    </ClCompile>
    <ClCompile Include="Onyx\Render\TEST__TriangleRenderPass.cpp">
      <Filter>Onyx\Render</Filter>
    </ClCompile>
    <ClCompile Include="Onyx\Render\Synchronizer.cpp">
      <Filter>Onyx\Render</Filter>
    </ClCompile>
    <ClCompile Include="Onyx\Render\ShaderManager.cpp">
      <Filter>Onyx\Render</Filter>
    </ClCompile>
    <ClCompile Include="Onyx\Render\RenderingManager.cpp">
      <Filter>Onyx\Render</Filter>
    </ClCompile>
    <ClCompile Include="Onyx\Render\Shader.cpp">
      <Filter>Onyx\Render</Filter>
    </ClCompile>
    <ClCompile Include="Onyx\Render\Buffer.cpp">
      <Filter>Onyx\Render</Filter>
    </ClCompile>
    <ClCompile Include="Onyx\Render\Mesh.cpp">
      <Filter>Onyx\Render</Filter>
    </ClCompile>
    <ClCompile Include="Onyx\Render\Renderer.cpp">
      <Filter>Onyx\Render</Filter>
    </ClCompile>
    <ClCompile Include="Onyx\Render\Material.cpp">
      <Filter>Onyx\Render</Filter>
    </ClCompile>
    <ClCompile Include="Onyx\Render\SubContextManager.cpp">
      <Filter>Onyx\Render</Filter>
    </ClCompile>
    <ClCompile Include="Onyx\Render\MeshManager.cpp">
      <Filter>Onyx\Render</Filter>
    </ClCompile>
    <ClCompile Include="Onyx\Render\MaterialManager.cpp">
      <Filter>Onyx\Render</Filter>
    </ClCompile>
    <ClCompile Include="Onyx\Render\UniformManager.cpp">
      <Filter>Onyx\Render</Filter>
    </ClCompile>
  </ItemGroup>
</Project>